
Microsoft Visual Studio Solution File, Format Version 12.00
# Visual Studio Version 17
VisualStudioVersion = 17.7.34031.279
MinimumVisualStudioVersion = 10.0.40219.1
Project("{FAE04EC0-301F-11D3-BF4B-00C04F79EFBC}") = "modul12", "modul12\modul12.csproj", "{2E98123F-A5CD-44C0-A2BC-5AF95BB3DF8A}"
EndProject
Project("{FAE04EC0-301F-11D3-BF4B-00C04F79EFBC}") = "modul12DopolnitlnieWork", "modul12DopolnitlnieWork\modul12DopolnitlnieWork.csproj", "{880D2BE2-3E30-4351-BC42-15AF4E2784BE}"
EndProject
Global
	GlobalSection(SolutionConfigurationPlatforms) = preSolution
		Debug|Any CPU = Debug|Any CPU
		Release|Any CPU = Release|Any CPU
	EndGlobalSection
	GlobalSection(ProjectConfigurationPlatforms) = postSolution
		{2E98123F-A5CD-44C0-A2BC-5AF95BB3DF8A}.Debug|Any CPU.ActiveCfg = Debug|Any CPU
		{2E98123F-A5CD-44C0-A2BC-5AF95BB3DF8A}.Debug|Any CPU.Build.0 = Debug|Any CPU
		{2E98123F-A5CD-44C0-A2BC-5AF95BB3DF8A}.Release|Any CPU.ActiveCfg = Release|Any CPU
		{2E98123F-A5CD-44C0-A2BC-5AF95BB3DF8A}.Release|Any CPU.Build.0 = Release|Any CPU
		{880D2BE2-3E30-4351-BC42-15AF4E2784BE}.Debug|Any CPU.ActiveCfg = Debug|Any CPU
		{880D2BE2-3E30-4351-BC42-15AF4E2784BE}.Debug|Any CPU.Build.0 = Debug|Any CPU
		{880D2BE2-3E30-4351-BC42-15AF4E2784BE}.Release|Any CPU.ActiveCfg = Release|Any CPU
		{880D2BE2-3E30-4351-BC42-15AF4E2784BE}.Release|Any CPU.Build.0 = Release|Any CPU
	EndGlobalSection
	GlobalSection(SolutionProperties) = preSolution
		HideSolutionNode = FALSE
	EndGlobalSection
	GlobalSection(ExtensibilityGlobals) = postSolution
		SolutionGuid = {8B21A651-8A26-4BB5-9398-3ED9C7B7C517}
	EndGlobalSection
EndGlobal
